
Microsoft Visual Studio Solution File, Format Version 12.00
# Visual Studio Version 17
VisualStudioVersion = 17.5.33627.172
MinimumVisualStudioVersion = 10.0.40219.1
Project("{FAE04EC0-301F-11D3-BF4B-00C04F79EFBC}") = "Karen joy and jannelle mae", "Karen joy and jannelle mae\Karen joy and jannelle mae.csproj", "{2D1B1DF9-0FD9-4AA9-88A8-7B668BE0F0BD}"
EndProject
Global
	GlobalSection(SolutionConfigurationPlatforms) = preSolution
		Debug|Any CPU = Debug|Any CPU
		Release|Any CPU = Release|Any CPU
	EndGlobalSection
	GlobalSection(ProjectConfigurationPlatforms) = postSolution
		{2D1B1DF9-0FD9-4AA9-88A8-7B668BE0F0BD}.Debug|Any CPU.ActiveCfg = Debug|Any CPU
		{2D1B1DF9-0FD9-4AA9-88A8-7B668BE0F0BD}.Debug|Any CPU.Build.0 = Debug|Any CPU
		{2D1B1DF9-0FD9-4AA9-88A8-7B668BE0F0BD}.Release|Any CPU.ActiveCfg = Release|Any CPU
		{2D1B1DF9-0FD9-4AA9-88A8-7B668BE0F0BD}.Release|Any CPU.Build.0 = Release|Any CPU
	EndGlobalSection
	GlobalSection(SolutionProperties) = preSolution
		HideSolutionNode = FALSE
	EndGlobalSection
	GlobalSection(ExtensibilityGlobals) = postSolution
		SolutionGuid = {94C0A278-2778-45FD-9EED-D3C3CB4ACB36}
	EndGlobalSection
EndGlobal
